
Microsoft Visual Studio Solution File, Format Version 12.00
# Visual Studio Version 16
VisualStudioVersion = 16.0.32106.194
MinimumVisualStudioVersion = 10.0.40219.1
Project("{FAE04EC0-301F-11D3-BF4B-00C04F79EFBC}") = "BaroBAtteryDeviceInfoEx", "BaroBAtteryDeviceInfoEx\BaroBAtteryDeviceInfoEx.csproj", "{56335B7D-E7A6-43AF-869F-B46C61A3FCAA}"
EndProject
Global
	GlobalSection(SolutionConfigurationPlatforms) = preSolution
		Debug|Any CPU = Debug|Any CPU
		Release|Any CPU = Release|Any CPU
	EndGlobalSection
	GlobalSection(ProjectConfigurationPlatforms) = postSolution
		{56335B7D-E7A6-43AF-869F-B46C61A3FCAA}.Debug|Any CPU.ActiveCfg = Debug|Any CPU
		{56335B7D-E7A6-43AF-869F-B46C61A3FCAA}.Debug|Any CPU.Build.0 = Debug|Any CPU
		{56335B7D-E7A6-43AF-869F-B46C61A3FCAA}.Debug|Any CPU.Deploy.0 = Debug|Any CPU
		{56335B7D-E7A6-43AF-869F-B46C61A3FCAA}.Release|Any CPU.ActiveCfg = Release|Any CPU
		{56335B7D-E7A6-43AF-869F-B46C61A3FCAA}.Release|Any CPU.Build.0 = Release|Any CPU
		{56335B7D-E7A6-43AF-869F-B46C61A3FCAA}.Release|Any CPU.Deploy.0 = Release|Any CPU
	EndGlobalSection
	GlobalSection(SolutionProperties) = preSolution
		HideSolutionNode = FALSE
	EndGlobalSection
	GlobalSection(ExtensibilityGlobals) = postSolution
		SolutionGuid = {169931A8-42AD-4F67-9645-8D2BA6FD4830}
	EndGlobalSection
EndGlobal
